// !$*UTF8*$!
{
	archiveVersion = 1;
	classes = {
	};
	objectVersion = 50;
	objects = {

/* Begin PBXBuildFile section */
		8B52136325B30F0A00759CBE /* AppDelegate.m in Sources */ = {isa = PBXBuildFile; fileRef = 8B52136225B30F0A00759CBE /* AppDelegate.m */; };
		8B52136625B30F0A00759CBE /* SceneDelegate.m in Sources */ = {isa = PBXBuildFile; fileRef = 8B52136525B30F0A00759CBE /* SceneDelegate.m */; };
		8B52136925B30F0A00759CBE /* ViewController.m in Sources */ = {isa = PBXBuildFile; fileRef = 8B52136825B30F0A00759CBE /* ViewController.m */; };
		8B52136C25B30F0A00759CBE /* Main.storyboard in Resources */ = {isa = PBXBuildFile; fileRef = 8B52136A25B30F0A00759CBE /* Main.storyboard */; };
		8B52136E25B30F0B00759CBE /* Assets.xcassets in Resources */ = {isa = PBXBuildFile; fileRef = 8B52136D25B30F0B00759CBE /* Assets.xcassets */; };
		8B52137125B30F0B00759CBE /* LaunchScreen.storyboard in Resources */ = {isa = PBXBuildFile; fileRef = 8B52136F25B30F0B00759CBE /* LaunchScreen.storyboard */; };
		8B52137425B30F0B00759CBE /* main.m in Sources */ = {isa = PBXBuildFile; fileRef = 8B52137325B30F0B00759CBE /* main.m */; };
		8B52137D25B30F1B00759CBE /* ZZThread.m in Sources */ = {isa = PBXBuildFile; fileRef = 8B52137C25B30F1B00759CBE /* ZZThread.m */; };
/* End PBXBuildFile section */

/* Begin PBXFileReference section */
		8B52135E25B30F0A00759CBE /* NSThread.app */ = {isa = PBXFileReference; explicitFileType = wrapper.application; includeInIndex = 0; path = NSThread.app; sourceTree = BUILT_PRODUCTS_DIR; };
		8B52136125B30F0A00759CBE /* AppDelegate.h */ = {isa = PBXFileReference; lastKnownFileType = sourcecode.c.h; path = AppDelegate.h; sourceTree = "<group>"; };
		8B52136225B30F0A00759CBE /* AppDelegate.m */ = {isa = PBXFileReference; lastKnownFileType = sourcecode.c.objc; path = AppDelegate.m; sourceTree = "<group>"; };
		8B52136425B30F0A00759CBE /* SceneDelegate.h */ = {isa = PBXFileReference; lastKnownFileType = sourcecode.c.h; path = SceneDelegate.h; sourceTree = "<group>"; };
		8B52136525B30F0A00759CBE /* SceneDelegate.m */ = {isa = PBXFileReference; lastKnownFileType = sourcecode.c.objc; path = SceneDelegate.m; sourceTree = "<group>"; };
		8B52136725B30F0A00759CBE /* ViewController.h */ = {isa = PBXFileReference; lastKnownFileType = sourcecode.c.h; path = ViewController.h; sourceTree = "<group>"; };
		8B52136825B30F0A00759CBE /* ViewController.m */ = {isa = PBXFileReference; lastKnownFileType = sourcecode.c.objc; path = ViewController.m; sourceTree = "<group>"; };
		8B52136B25B30F0A00759CBE /* Base */ = {isa = PBXFileReference; lastKnownFileType = file.storyboard; name = Base; path = Base.lproj/Main.storyboard; sourceTree = "<group>"; };
		8B52136D25B30F0B00759CBE /* Assets.xcassets */ = {isa = PBXFileReference; lastKnownFileType = folder.assetcatalog; path = Assets.xcassets; sourceTree = "<group>"; };
		8B52137025B30F0B00759CBE /* Base */ = {isa = PBXFileReference; lastKnownFileType = file.storyboard; name = Base; path = Base.lproj/LaunchScreen.storyboard; sourceTree = "<group>"; };
		8B52137225B30F0B00759CBE /* Info.plist */ = {isa = PBXFileReference; lastKnownFileType = text.plist.xml; path = Info.plist; sourceTree = "<group>"; };
		8B52137325B30F0B00759CBE /* main.m */ = {isa = PBXFileReference; lastKnownFileType = sourcecode.c.objc; path = main.m; sourceTree = "<group>"; };
		8B52137B25B30F1B00759CBE /* ZZThread.h */ = {isa = PBXFileReference; lastKnownFileType = sourcecode.c.h; path = ZZThread.h; sourceTree = "<group>"; };
		8B52137C25B30F1B00759CBE /* ZZThread.m */ = {isa = PBXFileReference; lastKnownFileType = sourcecode.c.objc; path = ZZThread.m; sourceTree = "<group>"; };
/* End PBXFileReference section */

/* Begin PBXFrameworksBuildPhase section */
		8B52135B25B30F0A00759CBE /* Frameworks */ = {
			isa = PBXFrameworksBuildPhase;
			buildActionMask = 2147483647;
			files = (
			);
			runOnlyForDeploymentPostprocessing = 0;
		};
/* End PBXFrameworksBuildPhase section */

/* Begin PBXGroup section */
		8B52135525B30F0A00759CBE = {
			isa = PBXGroup;
			children = (
				8B52136025B30F0A00759CBE /* NSThread */,
				8B52135F25B30F0A00759CBE /* Products */,
			);
			sourceTree = "<group>";
		};
		8B52135F25B30F0A00759CBE /* Products */ = {
			isa = PBXGroup;
			children = (
				8B52135E25B30F0A00759CBE /* NSThread.app */,
			);
			name = Products;
			sourceTree = "<group>";
		};
		8B52136025B30F0A00759CBE /* NSThread */ = {
			isa = PBXGroup;
			children = (
				8B52136125B30F0A00759CBE /* AppDelegate.h */,
				8B52136225B30F0A00759CBE /* AppDelegate.m */,
				8B52136425B30F0A00759CBE /* SceneDelegate.h */,
				8B52136525B30F0A00759CBE /* SceneDelegate.m */,
				8B52136725B30F0A00759CBE /* ViewController.h */,
				8B52136825B30F0A00759CBE /* ViewController.m */,
				8B52137B25B30F1B00759CBE /* ZZThread.h */,
				8B52137C25B30F1B00759CBE /* ZZThread.m */,
				8B52136A25B30F0A00759CBE /* Main.storyboard */,
				8B52136D25B30F0B00759CBE /* Assets.xcassets */,
				8B52136F25B30F0B00759CBE /* LaunchScreen.storyboard */,
				8B52137225B30F0B00759CBE /* Info.plist */,
				8B52137325B30F0B00759CBE /* main.m */,
			);
			path = NSThread;
			sourceTree = "<group>";
		};
/* End PBXGroup section */

/* Begin PBXNativeTarget section */
		8B52135D25B30F0A00759CBE /* NSThread */ = {
			isa = PBXNativeTarget;
			buildConfigurationList = 8B52137725B30F0B00759CBE /* Build configuration list for PBXNativeTarget "NSThread" */;
			buildPhases = (
				8B52135A25B30F0A00759CBE /* Sources */,
				8B52135B25B30F0A00759CBE /* Frameworks */,
				8B52135C25B30F0A00759CBE /* Resources */,
			);
			buildRules = (
			);
			dependencies = (
			);
			name = NSThread;
			productName = NSThread;
			productReference = 8B52135E25B30F0A00759CBE /* NSThread.app */;
			productType = "com.apple.product-type.application";
		};
/* End PBXNativeTarget section */

/* Begin PBXProject section */
		8B52135625B30F0A00759CBE /* Project object */ = {
			isa = PBXProject;
			attributes = {
				LastUpgradeCheck = 1230;
				TargetAttributes = {
					8B52135D25B30F0A00759CBE = {
						CreatedOnToolsVersion = 12.3;
					};
				};
			};
			buildConfigurationList = 8B52135925B30F0A00759CBE /* Build configuration list for PBXProject "NSThread" */;
			compatibilityVersion = "Xcode 9.3";
			developmentRegion = en;
			hasScannedForEncodings = 0;
			knownRegions = (
				en,
				Base,
			);
			mainGroup = 8B52135525B30F0A00759CBE;
			productRefGroup = 8B52135F25B30F0A00759CBE /* Products */;
			projectDirPath = "";
			projectRoot = "";
			targets = (
				8B52135D25B30F0A00759CBE /* NSThread */,
			);
		};
/* End PBXProject section */

/* Begin PBXResourcesBuildPhase section */
		8B52135C25B30F0A00759CBE /* Resources */ = {
			isa = PBXResourcesBuildPhase;
			buildActionMask = 2147483647;
			files = (
				8B52137125B30F0B00759CBE /* LaunchScreen.storyboard in Resources */,
				8B52136E25B30F0B00759CBE /* Assets.xcassets in Resources */,
				8B52136C25B30F0A00759CBE /* Main.storyboard in Resources */,
			);
			runOnlyForDeploymentPostprocessing = 0;
		};
/* End PBXResourcesBuildPhase section */

/* Begin PBXSourcesBuildPhase section */
		8B52135A25B30F0A00759CBE /* Sources */ = {
			isa = PBXSourcesBuildPhase;
			buildActionMask = 2147483647;
			files = (
				8B52136925B30F0A00759CBE /* ViewController.m in Sources */,
				8B52136325B30F0A00759CBE /* AppDelegate.m in Sources */,
				8B52137D25B30F1B00759CBE /* ZZThread.m in Sources */,
				8B52137425B30F0B00759CBE /* main.m in Sources */,
				8B52136625B30F0A00759CBE /* SceneDelegate.m in Sources */,
			);
			runOnlyForDeploymentPostprocessing = 0;
		};
/* End PBXSourcesBuildPhase section */

/* Begin PBXVariantGroup section */
		8B52136A25B30F0A00759CBE /* Main.storyboard */ = {
			isa = PBXVariantGroup;
			children = (
				8B52136B25B30F0A00759CBE /* Base */,
			);
			name = Main.storyboard;
			sourceTree = "<group>";
		};
		8B52136F25B30F0B00759CBE /* LaunchScreen.storyboard */ = {
			isa = PBXVariantGroup;
			children = (
				8B52137025B30F0B00759CBE /* Base */,
			);
			name = LaunchScreen.storyboard;
			sourceTree = "<group>";
		};
/* End PBXVariantGroup section */

/* Begin XCBuildConfiguration section */
		8B52137525B30F0B00759CBE /* Debug */ = {
			isa = XCBuildConfiguration;
			buildSettings = {
				ALWAYS_SEARCH_USER_PATHS = NO;
				CLANG_ANALYZER_NONNULL = YES;
				CLANG_ANALYZER_NUMBER_OBJECT_CONVERSION = YES_AGGRESSIVE;
				CLANG_CXX_LANGUAGE_STANDARD = "gnu++14";
				CLANG_CXX_LIBRARY = "libc++";
				CLANG_ENABLE_MODULES = YES;
				CLANG_ENABLE_OBJC_ARC = YES;
				CLANG_ENABLE_OBJC_WEAK = YES;
				CLANG_WARN_BLOCK_CAPTURE_AUTORELEASING = YES;
				CLANG_WARN_BOOL_CONVERSION = YES;
				CLANG_WARN_COMMA = YES;
				CLANG_WARN_CONSTANT_CONVERSION = YES;
				CLANG_WARN_DEPRECATED_OBJC_IMPLEMENTATIONS = YES;
				CLANG_WARN_DIRECT_OBJC_ISA_USAGE = YES_ERROR;
				CLANG_WARN_DOCUMENTATION_COMMENTS = YES;
				CLANG_WARN_EMPTY_BODY = YES;
				CLANG_WARN_ENUM_CONVERSION = YES;
				CLANG_WARN_INFINITE_RECURSION = YES;
				CLANG_WARN_INT_CONVERSION = YES;
				CLANG_WARN_NON_LITERAL_NULL_CONVERSION = YES;
				CLANG_WARN_OBJC_IMPLICIT_RETAIN_SELF = YES;
				CLANG_WARN_OBJC_LITERAL_CONVERSION = YES;
				CLANG_WARN_OBJC_ROOT_CLASS = YES_ERROR;
				CLANG_WARN_QUOTED_INCLUDE_IN_FRAMEWORK_HEADER = YES;
				CLANG_WARN_RANGE_LOOP_ANALYSIS = YES;
				CLANG_WARN_STRICT_PROTOTYPES = YES;
				CLANG_WARN_SUSPICIOUS_MOVE = YES;
				CLANG_WARN_UNGUARDED_AVAILABILITY = YES_AGGRESSIVE;
				CLANG_WARN_UNREACHABLE_CODE = YES;
				CLANG_WARN__DUPLICATE_METHOD_MATCH = YES;
				COPY_PHASE_STRIP = NO;
				DEBUG_INFORMATION_FORMAT = dwarf;
				ENABLE_STRICT_OBJC_MSGSEND = YES;
				ENABLE_TESTABILITY = YES;
				GCC_C_LANGUAGE_STANDARD = gnu11;
				GCC_DYNAMIC_NO_PIC = NO;
				GCC_NO_COMMON_BLOCKS = YES;
				GCC_OPTIMIZATION_LEVEL = 0;
				GCC_PREPROCESSOR_DEFINITIONS = (
					"DEBUG=1",
					"$(inherited)",
				);
				GCC_WARN_64_TO_32_BIT_CONVERSION = YES;
				GCC_WARN_ABOUT_RETURN_TYPE = YES_ERROR;
				GCC_WARN_UNDECLARED_SELECTOR = YES;
				GCC_WARN_UNINITIALIZED_AUTOS = YES_AGGRESSIVE;
				GCC_WARN_UNUSED_FUNCTION = YES;
				GCC_WARN_UNUSED_VARIABLE = YES;
				IPHONEOS_DEPLOYMENT_TARGET = 14.3;
				MTL_ENABLE_DEBUG_INFO = INCLUDE_SOURCE;
				MTL_FAST_MATH = YES;
				ONLY_ACTIVE_ARCH = YES;
				SDKROOT = iphoneos;
			};
			name = Debug;
		};
		8B52137625B30F0B00759CBE /* Release */ = {
			isa = XCBuildConfiguration;
			buildSettings = {
				ALWAYS_SEARCH_USER_PATHS = NO;
				CLANG_ANALYZER_NONNULL = YES;
				CLANG_ANALYZER_NUMBER_OBJECT_CONVERSION = YES_AGGRESSIVE;
				CLANG_CXX_LANGUAGE_STANDARD = "gnu++14";
				CLANG_CXX_LIBRARY = "libc++";
				CLANG_ENABLE_MODULES = YES;
				CLANG_ENABLE_OBJC_ARC = YES;
				CLANG_ENABLE_OBJC_WEAK = YES;
				CLANG_WARN_BLOCK_CAPTURE_AUTORELEASING = YES;
				CLANG_WARN_BOOL_CONVERSION = YES;
				CLANG_WARN_COMMA = YES;
				CLANG_WARN_CONSTANT_CONVERSION = YES;
				CLANG_WARN_DEPRECATED_OBJC_IMPLEMENTATIONS = YES;
				CLANG_WARN_DIRECT_OBJC_ISA_USAGE = YES_ERROR;
				CLANG_WARN_DOCUMENTATION_COMMENTS = YES;
				CLANG_WARN_EMPTY_BODY = YES;
				CLANG_WARN_ENUM_CONVERSION = YES;
				CLANG_WARN_INFINITE_RECURSION = YES;
				CLANG_WARN_INT_CONVERSION = YES;
				CLANG_WARN_NON_LITERAL_NULL_CONVERSION = YES;
				CLANG_WARN_OBJC_IMPLICIT_RETAIN_SELF = YES;
				CLANG_WARN_OBJC_LITERAL_CONVERSION = YES;
				CLANG_WARN_OBJC_ROOT_CLASS = YES_ERROR;
				CLANG_WARN_QUOTED_INCLUDE_IN_FRAMEWORK_HEADER = YES;
				CLANG_WARN_RANGE_LOOP_ANALYSIS = YES;
				CLANG_WARN_STRICT_PROTOTYPES = YES;
				CLANG_WARN_SUSPICIOUS_MOVE = YES;
				CLANG_WARN_UNGUARDED_AVAILABILITY = YES_AGGRESSIVE;
				CLANG_WARN_UNREACHABLE_CODE = YES;
				CLANG_WARN__DUPLICATE_METHOD_MATCH = YES;
				COPY_PHASE_STRIP = NO;
				DEBUG_INFORMATION_FORMAT = "dwarf-with-dsym";
				ENABLE_NS_ASSERTIONS = NO;
				ENABLE_STRICT_OBJC_MSGSEND = YES;
				GCC_C_LANGUAGE_STANDARD = gnu11;
				GCC_NO_COMMON_BLOCKS = YES;
				GCC_WARN_64_TO_32_BIT_CONVERSION = YES;
				GCC_WARN_ABOUT_RETURN_TYPE = YES_ERROR;
				GCC_WARN_UNDECLARED_SELECTOR = YES;
				GCC_WARN_UNINITIALIZED_AUTOS = YES_AGGRESSIVE;
				GCC_WARN_UNUSED_FUNCTION = YES;
				GCC_WARN_UNUSED_VARIABLE = YES;
				IPHONEOS_DEPLOYMENT_TARGET = 14.3;
				MTL_ENABLE_DEBUG_INFO = NO;
				MTL_FAST_MATH = YES;
				SDKROOT = iphoneos;
				VALIDATE_PRODUCT = YES;
			};
			name = Release;
		};
		8B52137825B30F0B00759CBE /* Debug */ = {
			isa = XCBuildConfiguration;
			buildSettings = {
				ASSETCATALOG_COMPILER_APPICON_NAME = AppIcon;
				ASSETCATALOG_COMPILER_GLOBAL_ACCENT_COLOR_NAME = AccentColor;
				CODE_SIGN_STYLE = Automatic;
				DEVELOPMENT_TEAM = N5NQESTGE5;
				INFOPLIST_FILE = NSThread/Info.plist;
				LD_RUNPATH_SEARCH_PATHS = (
					"$(inherited)",
					"@executable_path/Frameworks",
				);
				PRODUCT_BUNDLE_IDENTIFIER = com.ju.NSThread;
				PRODUCT_NAME = "$(TARGET_NAME)";
				TARGETED_DEVICE_FAMILY = "1,2";
			};
			name = Debug;
		};
		8B52137925B30F0B00759CBE /* Release */ = {
			isa = XCBuildConfiguration;
			buildSettings = {
				ASSETCATALOG_COMPILER_APPICON_NAME = AppIcon;
				ASSETCATALOG_COMPILER_GLOBAL_ACCENT_COLOR_NAME = AccentColor;
				CODE_SIGN_STYLE = Automatic;
				DEVELOPMENT_TEAM = N5NQESTGE5;
				INFOPLIST_FILE = NSThread/Info.plist;
				LD_RUNPATH_SEARCH_PATHS = (
					"$(inherited)",
					"@executable_path/Frameworks",
				);
				PRODUCT_BUNDLE_IDENTIFIER = com.ju.NSThread;
				PRODUCT_NAME = "$(TARGET_NAME)";
				TARGETED_DEVICE_FAMILY = "1,2";
			};
			name = Release;
		};
/* End XCBuildConfiguration section */

/* Begin XCConfigurationList section */
		8B52135925B30F0A00759CBE /* Build configuration list for PBXProject "NSThread" */ = {
			isa = XCConfigurationList;
			buildConfigurations = (
				8B52137525B30F0B00759CBE /* Debug */,
				8B52137625B30F0B00759CBE /* Release */,
			);
			defaultConfigurationIsVisible = 0;
			defaultConfigurationName = Release;
		};
		8B52137725B30F0B00759CBE /* Build configuration list for PBXNativeTarget "NSThread" */ = {
			isa = XCConfigurationList;
			buildConfigurations = (
				8B52137825B30F0B00759CBE /* Debug */,
				8B52137925B30F0B00759CBE /* Release */,
			);
			defaultConfigurationIsVisible = 0;
			defaultConfigurationName = Release;
		};
/* End XCConfigurationList section */
	};
	rootObject = 8B52135625B30F0A00759CBE /* Project object */;
}
