// !$*UTF8*$!
{
	archiveVersion = 1;
	classes = {
	};
	objectVersion = 50;
	objects = {

/* Begin PBXBuildFile section */
		8BE6736525BD93280091DFDE /* AppDelegate.m in Sources */ = {isa = PBXBuildFile; fileRef = 8BE6736425BD93280091DFDE /* AppDelegate.m */; };
		8BE6736825BD93280091DFDE /* SceneDelegate.m in Sources */ = {isa = PBXBuildFile; fileRef = 8BE6736725BD93280091DFDE /* SceneDelegate.m */; };
		8BE6736B25BD93280091DFDE /* ViewController.m in Sources */ = {isa = PBXBuildFile; fileRef = 8BE6736A25BD93280091DFDE /* ViewController.m */; };
		8BE6736E25BD93280091DFDE /* Main.storyboard in Resources */ = {isa = PBXBuildFile; fileRef = 8BE6736C25BD93280091DFDE /* Main.storyboard */; };
		8BE6737025BD93290091DFDE /* Assets.xcassets in Resources */ = {isa = PBXBuildFile; fileRef = 8BE6736F25BD93290091DFDE /* Assets.xcassets */; };
		8BE6737325BD93290091DFDE /* LaunchScreen.storyboard in Resources */ = {isa = PBXBuildFile; fileRef = 8BE6737125BD93290091DFDE /* LaunchScreen.storyboard */; };
		8BE6737625BD93290091DFDE /* main.m in Sources */ = {isa = PBXBuildFile; fileRef = 8BE6737525BD93290091DFDE /* main.m */; };
/* End PBXBuildFile section */

/* Begin PBXFileReference section */
		8BE6736025BD93280091DFDE /* ModeItem.app */ = {isa = PBXFileReference; explicitFileType = wrapper.application; includeInIndex = 0; path = ModeItem.app; sourceTree = BUILT_PRODUCTS_DIR; };
		8BE6736325BD93280091DFDE /* AppDelegate.h */ = {isa = PBXFileReference; lastKnownFileType = sourcecode.c.h; path = AppDelegate.h; sourceTree = "<group>"; };
		8BE6736425BD93280091DFDE /* AppDelegate.m */ = {isa = PBXFileReference; lastKnownFileType = sourcecode.c.objc; path = AppDelegate.m; sourceTree = "<group>"; };
		8BE6736625BD93280091DFDE /* SceneDelegate.h */ = {isa = PBXFileReference; lastKnownFileType = sourcecode.c.h; path = SceneDelegate.h; sourceTree = "<group>"; };
		8BE6736725BD93280091DFDE /* SceneDelegate.m */ = {isa = PBXFileReference; lastKnownFileType = sourcecode.c.objc; path = SceneDelegate.m; sourceTree = "<group>"; };
		8BE6736925BD93280091DFDE /* ViewController.h */ = {isa = PBXFileReference; lastKnownFileType = sourcecode.c.h; path = ViewController.h; sourceTree = "<group>"; };
		8BE6736A25BD93280091DFDE /* ViewController.m */ = {isa = PBXFileReference; lastKnownFileType = sourcecode.c.objc; path = ViewController.m; sourceTree = "<group>"; };
		8BE6736D25BD93280091DFDE /* Base */ = {isa = PBXFileReference; lastKnownFileType = file.storyboard; name = Base; path = Base.lproj/Main.storyboard; sourceTree = "<group>"; };
		8BE6736F25BD93290091DFDE /* Assets.xcassets */ = {isa = PBXFileReference; lastKnownFileType = folder.assetcatalog; path = Assets.xcassets; sourceTree = "<group>"; };
		8BE6737225BD93290091DFDE /* Base */ = {isa = PBXFileReference; lastKnownFileType = file.storyboard; name = Base; path = Base.lproj/LaunchScreen.storyboard; sourceTree = "<group>"; };
		8BE6737425BD93290091DFDE /* Info.plist */ = {isa = PBXFileReference; lastKnownFileType = text.plist.xml; path = Info.plist; sourceTree = "<group>"; };
		8BE6737525BD93290091DFDE /* main.m */ = {isa = PBXFileReference; lastKnownFileType = sourcecode.c.objc; path = main.m; sourceTree = "<group>"; };
/* End PBXFileReference section */

/* Begin PBXFrameworksBuildPhase section */
		8BE6735D25BD93280091DFDE /* Frameworks */ = {
			isa = PBXFrameworksBuildPhase;
			buildActionMask = 2147483647;
			files = (
			);
			runOnlyForDeploymentPostprocessing = 0;
		};
/* End PBXFrameworksBuildPhase section */

/* Begin PBXGroup section */
		8BE6735725BD93280091DFDE = {
			isa = PBXGroup;
			children = (
				8BE6736225BD93280091DFDE /* ModeItem */,
				8BE6736125BD93280091DFDE /* Products */,
			);
			sourceTree = "<group>";
		};
		8BE6736125BD93280091DFDE /* Products */ = {
			isa = PBXGroup;
			children = (
				8BE6736025BD93280091DFDE /* ModeItem.app */,
			);
			name = Products;
			sourceTree = "<group>";
		};
		8BE6736225BD93280091DFDE /* ModeItem */ = {
			isa = PBXGroup;
			children = (
				8BE6736325BD93280091DFDE /* AppDelegate.h */,
				8BE6736425BD93280091DFDE /* AppDelegate.m */,
				8BE6736625BD93280091DFDE /* SceneDelegate.h */,
				8BE6736725BD93280091DFDE /* SceneDelegate.m */,
				8BE6736925BD93280091DFDE /* ViewController.h */,
				8BE6736A25BD93280091DFDE /* ViewController.m */,
				8BE6736C25BD93280091DFDE /* Main.storyboard */,
				8BE6736F25BD93290091DFDE /* Assets.xcassets */,
				8BE6737125BD93290091DFDE /* LaunchScreen.storyboard */,
				8BE6737425BD93290091DFDE /* Info.plist */,
				8BE6737525BD93290091DFDE /* main.m */,
			);
			path = ModeItem;
			sourceTree = "<group>";
		};
/* End PBXGroup section */

/* Begin PBXNativeTarget section */
		8BE6735F25BD93280091DFDE /* ModeItem */ = {
			isa = PBXNativeTarget;
			buildConfigurationList = 8BE6737925BD93290091DFDE /* Build configuration list for PBXNativeTarget "ModeItem" */;
			buildPhases = (
				8BE6735C25BD93280091DFDE /* Sources */,
				8BE6735D25BD93280091DFDE /* Frameworks */,
				8BE6735E25BD93280091DFDE /* Resources */,
			);
			buildRules = (
			);
			dependencies = (
			);
			name = ModeItem;
			productName = ModeItem;
			productReference = 8BE6736025BD93280091DFDE /* ModeItem.app */;
			productType = "com.apple.product-type.application";
		};
/* End PBXNativeTarget section */

/* Begin PBXProject section */
		8BE6735825BD93280091DFDE /* Project object */ = {
			isa = PBXProject;
			attributes = {
				LastUpgradeCheck = 1230;
				TargetAttributes = {
					8BE6735F25BD93280091DFDE = {
						CreatedOnToolsVersion = 12.3;
					};
				};
			};
			buildConfigurationList = 8BE6735B25BD93280091DFDE /* Build configuration list for PBXProject "ModeItem" */;
			compatibilityVersion = "Xcode 9.3";
			developmentRegion = en;
			hasScannedForEncodings = 0;
			knownRegions = (
				en,
				Base,
			);
			mainGroup = 8BE6735725BD93280091DFDE;
			productRefGroup = 8BE6736125BD93280091DFDE /* Products */;
			projectDirPath = "";
			projectRoot = "";
			targets = (
				8BE6735F25BD93280091DFDE /* ModeItem */,
			);
		};
/* End PBXProject section */

/* Begin PBXResourcesBuildPhase section */
		8BE6735E25BD93280091DFDE /* Resources */ = {
			isa = PBXResourcesBuildPhase;
			buildActionMask = 2147483647;
			files = (
				8BE6737325BD93290091DFDE /* LaunchScreen.storyboard in Resources */,
				8BE6737025BD93290091DFDE /* Assets.xcassets in Resources */,
				8BE6736E25BD93280091DFDE /* Main.storyboard in Resources */,
			);
			runOnlyForDeploymentPostprocessing = 0;
		};
/* End PBXResourcesBuildPhase section */

/* Begin PBXSourcesBuildPhase section */
		8BE6735C25BD93280091DFDE /* Sources */ = {
			isa = PBXSourcesBuildPhase;
			buildActionMask = 2147483647;
			files = (
				8BE6736B25BD93280091DFDE /* ViewController.m in Sources */,
				8BE6736525BD93280091DFDE /* AppDelegate.m in Sources */,
				8BE6737625BD93290091DFDE /* main.m in Sources */,
				8BE6736825BD93280091DFDE /* SceneDelegate.m in Sources */,
			);
			runOnlyForDeploymentPostprocessing = 0;
		};
/* End PBXSourcesBuildPhase section */

/* Begin PBXVariantGroup section */
		8BE6736C25BD93280091DFDE /* Main.storyboard */ = {
			isa = PBXVariantGroup;
			children = (
				8BE6736D25BD93280091DFDE /* Base */,
			);
			name = Main.storyboard;
			sourceTree = "<group>";
		};
		8BE6737125BD93290091DFDE /* LaunchScreen.storyboard */ = {
			isa = PBXVariantGroup;
			children = (
				8BE6737225BD93290091DFDE /* Base */,
			);
			name = LaunchScreen.storyboard;
			sourceTree = "<group>";
		};
/* End PBXVariantGroup section */

/* Begin XCBuildConfiguration section */
		8BE6737725BD93290091DFDE /* Debug */ = {
			isa = XCBuildConfiguration;
			buildSettings = {
				ALWAYS_SEARCH_USER_PATHS = NO;
				CLANG_ANALYZER_NONNULL = YES;
				CLANG_ANALYZER_NUMBER_OBJECT_CONVERSION = YES_AGGRESSIVE;
				CLANG_CXX_LANGUAGE_STANDARD = "gnu++14";
				CLANG_CXX_LIBRARY = "libc++";
				CLANG_ENABLE_MODULES = YES;
				CLANG_ENABLE_OBJC_ARC = YES;
				CLANG_ENABLE_OBJC_WEAK = YES;
				CLANG_WARN_BLOCK_CAPTURE_AUTORELEASING = YES;
				CLANG_WARN_BOOL_CONVERSION = YES;
				CLANG_WARN_COMMA = YES;
				CLANG_WARN_CONSTANT_CONVERSION = YES;
				CLANG_WARN_DEPRECATED_OBJC_IMPLEMENTATIONS = YES;
				CLANG_WARN_DIRECT_OBJC_ISA_USAGE = YES_ERROR;
				CLANG_WARN_DOCUMENTATION_COMMENTS = YES;
				CLANG_WARN_EMPTY_BODY = YES;
				CLANG_WARN_ENUM_CONVERSION = YES;
				CLANG_WARN_INFINITE_RECURSION = YES;
				CLANG_WARN_INT_CONVERSION = YES;
				CLANG_WARN_NON_LITERAL_NULL_CONVERSION = YES;
				CLANG_WARN_OBJC_IMPLICIT_RETAIN_SELF = YES;
				CLANG_WARN_OBJC_LITERAL_CONVERSION = YES;
				CLANG_WARN_OBJC_ROOT_CLASS = YES_ERROR;
				CLANG_WARN_QUOTED_INCLUDE_IN_FRAMEWORK_HEADER = YES;
				CLANG_WARN_RANGE_LOOP_ANALYSIS = YES;
				CLANG_WARN_STRICT_PROTOTYPES = YES;
				CLANG_WARN_SUSPICIOUS_MOVE = YES;
				CLANG_WARN_UNGUARDED_AVAILABILITY = YES_AGGRESSIVE;
				CLANG_WARN_UNREACHABLE_CODE = YES;
				CLANG_WARN__DUPLICATE_METHOD_MATCH = YES;
				COPY_PHASE_STRIP = NO;
				DEBUG_INFORMATION_FORMAT = dwarf;
				ENABLE_STRICT_OBJC_MSGSEND = YES;
				ENABLE_TESTABILITY = YES;
				GCC_C_LANGUAGE_STANDARD = gnu11;
				GCC_DYNAMIC_NO_PIC = NO;
				GCC_NO_COMMON_BLOCKS = YES;
				GCC_OPTIMIZATION_LEVEL = 0;
				GCC_PREPROCESSOR_DEFINITIONS = (
					"DEBUG=1",
					"$(inherited)",
				);
				GCC_WARN_64_TO_32_BIT_CONVERSION = YES;
				GCC_WARN_ABOUT_RETURN_TYPE = YES_ERROR;
				GCC_WARN_UNDECLARED_SELECTOR = YES;
				GCC_WARN_UNINITIALIZED_AUTOS = YES_AGGRESSIVE;
				GCC_WARN_UNUSED_FUNCTION = YES;
				GCC_WARN_UNUSED_VARIABLE = YES;
				IPHONEOS_DEPLOYMENT_TARGET = 14.3;
				MTL_ENABLE_DEBUG_INFO = INCLUDE_SOURCE;
				MTL_FAST_MATH = YES;
				ONLY_ACTIVE_ARCH = YES;
				SDKROOT = iphoneos;
			};
			name = Debug;
		};
		8BE6737825BD93290091DFDE /* Release */ = {
			isa = XCBuildConfiguration;
			buildSettings = {
				ALWAYS_SEARCH_USER_PATHS = NO;
				CLANG_ANALYZER_NONNULL = YES;
				CLANG_ANALYZER_NUMBER_OBJECT_CONVERSION = YES_AGGRESSIVE;
				CLANG_CXX_LANGUAGE_STANDARD = "gnu++14";
				CLANG_CXX_LIBRARY = "libc++";
				CLANG_ENABLE_MODULES = YES;
				CLANG_ENABLE_OBJC_ARC = YES;
				CLANG_ENABLE_OBJC_WEAK = YES;
				CLANG_WARN_BLOCK_CAPTURE_AUTORELEASING = YES;
				CLANG_WARN_BOOL_CONVERSION = YES;
				CLANG_WARN_COMMA = YES;
				CLANG_WARN_CONSTANT_CONVERSION = YES;
				CLANG_WARN_DEPRECATED_OBJC_IMPLEMENTATIONS = YES;
				CLANG_WARN_DIRECT_OBJC_ISA_USAGE = YES_ERROR;
				CLANG_WARN_DOCUMENTATION_COMMENTS = YES;
				CLANG_WARN_EMPTY_BODY = YES;
				CLANG_WARN_ENUM_CONVERSION = YES;
				CLANG_WARN_INFINITE_RECURSION = YES;
				CLANG_WARN_INT_CONVERSION = YES;
				CLANG_WARN_NON_LITERAL_NULL_CONVERSION = YES;
				CLANG_WARN_OBJC_IMPLICIT_RETAIN_SELF = YES;
				CLANG_WARN_OBJC_LITERAL_CONVERSION = YES;
				CLANG_WARN_OBJC_ROOT_CLASS = YES_ERROR;
				CLANG_WARN_QUOTED_INCLUDE_IN_FRAMEWORK_HEADER = YES;
				CLANG_WARN_RANGE_LOOP_ANALYSIS = YES;
				CLANG_WARN_STRICT_PROTOTYPES = YES;
				CLANG_WARN_SUSPICIOUS_MOVE = YES;
				CLANG_WARN_UNGUARDED_AVAILABILITY = YES_AGGRESSIVE;
				CLANG_WARN_UNREACHABLE_CODE = YES;
				CLANG_WARN__DUPLICATE_METHOD_MATCH = YES;
				COPY_PHASE_STRIP = NO;
				DEBUG_INFORMATION_FORMAT = "dwarf-with-dsym";
				ENABLE_NS_ASSERTIONS = NO;
				ENABLE_STRICT_OBJC_MSGSEND = YES;
				GCC_C_LANGUAGE_STANDARD = gnu11;
				GCC_NO_COMMON_BLOCKS = YES;
				GCC_WARN_64_TO_32_BIT_CONVERSION = YES;
				GCC_WARN_ABOUT_RETURN_TYPE = YES_ERROR;
				GCC_WARN_UNDECLARED_SELECTOR = YES;
				GCC_WARN_UNINITIALIZED_AUTOS = YES_AGGRESSIVE;
				GCC_WARN_UNUSED_FUNCTION = YES;
				GCC_WARN_UNUSED_VARIABLE = YES;
				IPHONEOS_DEPLOYMENT_TARGET = 14.3;
				MTL_ENABLE_DEBUG_INFO = NO;
				MTL_FAST_MATH = YES;
				SDKROOT = iphoneos;
				VALIDATE_PRODUCT = YES;
			};
			name = Release;
		};
		8BE6737A25BD93290091DFDE /* Debug */ = {
			isa = XCBuildConfiguration;
			buildSettings = {
				ASSETCATALOG_COMPILER_APPICON_NAME = AppIcon;
				ASSETCATALOG_COMPILER_GLOBAL_ACCENT_COLOR_NAME = AccentColor;
				CODE_SIGN_STYLE = Automatic;
				DEVELOPMENT_TEAM = N5NQESTGE5;
				INFOPLIST_FILE = ModeItem/Info.plist;
				LD_RUNPATH_SEARCH_PATHS = (
					"$(inherited)",
					"@executable_path/Frameworks",
				);
				PRODUCT_BUNDLE_IDENTIFIER = com.ju.ModeItem;
				PRODUCT_NAME = "$(TARGET_NAME)";
				TARGETED_DEVICE_FAMILY = "1,2";
			};
			name = Debug;
		};
		8BE6737B25BD93290091DFDE /* Release */ = {
			isa = XCBuildConfiguration;
			buildSettings = {
				ASSETCATALOG_COMPILER_APPICON_NAME = AppIcon;
				ASSETCATALOG_COMPILER_GLOBAL_ACCENT_COLOR_NAME = AccentColor;
				CODE_SIGN_STYLE = Automatic;
				DEVELOPMENT_TEAM = N5NQESTGE5;
				INFOPLIST_FILE = ModeItem/Info.plist;
				LD_RUNPATH_SEARCH_PATHS = (
					"$(inherited)",
					"@executable_path/Frameworks",
				);
				PRODUCT_BUNDLE_IDENTIFIER = com.ju.ModeItem;
				PRODUCT_NAME = "$(TARGET_NAME)";
				TARGETED_DEVICE_FAMILY = "1,2";
			};
			name = Release;
		};
/* End XCBuildConfiguration section */

/* Begin XCConfigurationList section */
		8BE6735B25BD93280091DFDE /* Build configuration list for PBXProject "ModeItem" */ = {
			isa = XCConfigurationList;
			buildConfigurations = (
				8BE6737725BD93290091DFDE /* Debug */,
				8BE6737825BD93290091DFDE /* Release */,
			);
			defaultConfigurationIsVisible = 0;
			defaultConfigurationName = Release;
		};
		8BE6737925BD93290091DFDE /* Build configuration list for PBXNativeTarget "ModeItem" */ = {
			isa = XCConfigurationList;
			buildConfigurations = (
				8BE6737A25BD93290091DFDE /* Debug */,
				8BE6737B25BD93290091DFDE /* Release */,
			);
			defaultConfigurationIsVisible = 0;
			defaultConfigurationName = Release;
		};
/* End XCConfigurationList section */
	};
	rootObject = 8BE6735825BD93280091DFDE /* Project object */;
}
